// !$*UTF8*$!
{
	archiveVersion = 1;
	classes = {
	};
	objectVersion = 50;
	objects = {

/* Begin PBXBuildFile section */
		6855338620AC34FC0086206B /* AppDelegate.swift in Sources */ = {isa = PBXBuildFile; fileRef = 6855338520AC34FC0086206B /* AppDelegate.swift */; };
		6855338820AC34FC0086206B /* ViewController.swift in Sources */ = {isa = PBXBuildFile; fileRef = 6855338720AC34FC0086206B /* ViewController.swift */; };
		6855338B20AC34FC0086206B /* Main.storyboard in Resources */ = {isa = PBXBuildFile; fileRef = 6855338920AC34FC0086206B /* Main.storyboard */; };
		6855338D20AC34FE0086206B /* Assets.xcassets in Resources */ = {isa = PBXBuildFile; fileRef = 6855338C20AC34FE0086206B /* Assets.xcassets */; };
		6855339020AC34FE0086206B /* LaunchScreen.storyboard in Resources */ = {isa = PBXBuildFile; fileRef = 6855338E20AC34FE0086206B /* LaunchScreen.storyboard */; };
		6855339820AC357E0086206B /* SendCodeBtn.swift in Sources */ = {isa = PBXBuildFile; fileRef = 6855339720AC357E0086206B /* SendCodeBtn.swift */; };
/* End PBXBuildFile section */

/* Begin PBXFileReference section */
		6855338220AC34FC0086206B /* SendCodeBtn.app */ = {isa = PBXFileReference; explicitFileType = wrapper.application; includeInIndex = 0; path = SendCodeBtn.app; sourceTree = BUILT_PRODUCTS_DIR; };
		6855338520AC34FC0086206B /* AppDelegate.swift */ = {isa = PBXFileReference; lastKnownFileType = sourcecode.swift; path = AppDelegate.swift; sourceTree = "<group>"; };
		6855338720AC34FC0086206B /* ViewController.swift */ = {isa = PBXFileReference; lastKnownFileType = sourcecode.swift; path = ViewController.swift; sourceTree = "<group>"; };
		6855338A20AC34FC0086206B /* Base */ = {isa = PBXFileReference; lastKnownFileType = file.storyboard; name = Base; path = Base.lproj/Main.storyboard; sourceTree = "<group>"; };
		6855338C20AC34FE0086206B /* Assets.xcassets */ = {isa = PBXFileReference; lastKnownFileType = folder.assetcatalog; path = Assets.xcassets; sourceTree = "<group>"; };
		6855338F20AC34FE0086206B /* Base */ = {isa = PBXFileReference; lastKnownFileType = file.storyboard; name = Base; path = Base.lproj/LaunchScreen.storyboard; sourceTree = "<group>"; };
		6855339120AC34FE0086206B /* Info.plist */ = {isa = PBXFileReference; lastKnownFileType = text.plist.xml; path = Info.plist; sourceTree = "<group>"; };
		6855339720AC357E0086206B /* SendCodeBtn.swift */ = {isa = PBXFileReference; fileEncoding = 4; lastKnownFileType = sourcecode.swift; path = SendCodeBtn.swift; sourceTree = "<group>"; };
/* End PBXFileReference section */

/* Begin PBXFrameworksBuildPhase section */
		6855337F20AC34FC0086206B /* Frameworks */ = {
			isa = PBXFrameworksBuildPhase;
			buildActionMask = 2147483647;
			files = (
			);
			runOnlyForDeploymentPostprocessing = 0;
		};
/* End PBXFrameworksBuildPhase section */

/* Begin PBXGroup section */
		6855337920AC34FC0086206B = {
			isa = PBXGroup;
			children = (
				6855338420AC34FC0086206B /* SendCodeBtn */,
				6855338320AC34FC0086206B /* Products */,
			);
			sourceTree = "<group>";
		};
		6855338320AC34FC0086206B /* Products */ = {
			isa = PBXGroup;
			children = (
				6855338220AC34FC0086206B /* SendCodeBtn.app */,
			);
			name = Products;
			sourceTree = "<group>";
		};
		6855338420AC34FC0086206B /* SendCodeBtn */ = {
			isa = PBXGroup;
			children = (
				6855339720AC357E0086206B /* SendCodeBtn.swift */,
				6855338520AC34FC0086206B /* AppDelegate.swift */,
				6855338720AC34FC0086206B /* ViewController.swift */,
				6855338920AC34FC0086206B /* Main.storyboard */,
				6855338C20AC34FE0086206B /* Assets.xcassets */,
				6855338E20AC34FE0086206B /* LaunchScreen.storyboard */,
				6855339120AC34FE0086206B /* Info.plist */,
			);
			path = SendCodeBtn;
			sourceTree = "<group>";
		};
/* End PBXGroup section */

/* Begin PBXNativeTarget section */
		6855338120AC34FC0086206B /* SendCodeBtn */ = {
			isa = PBXNativeTarget;
			buildConfigurationList = 6855339420AC34FE0086206B /* Build configuration list for PBXNativeTarget "SendCodeBtn" */;
			buildPhases = (
				6855337E20AC34FC0086206B /* Sources */,
				6855337F20AC34FC0086206B /* Frameworks */,
				6855338020AC34FC0086206B /* Resources */,
			);
			buildRules = (
			);
			dependencies = (
			);
			name = SendCodeBtn;
			productName = SendCodeBtn;
			productReference = 6855338220AC34FC0086206B /* SendCodeBtn.app */;
			productType = "com.apple.product-type.application";
		};
/* End PBXNativeTarget section */

/* Begin PBXProject section */
		6855337A20AC34FC0086206B /* Project object */ = {
			isa = PBXProject;
			attributes = {
				LastSwiftUpdateCheck = 0930;
				LastUpgradeCheck = 0930;
				ORGANIZATIONNAME = "玉犀科技";
				TargetAttributes = {
					6855338120AC34FC0086206B = {
						CreatedOnToolsVersion = 9.3;
					};
				};
			};
			buildConfigurationList = 6855337D20AC34FC0086206B /* Build configuration list for PBXProject "SendCodeBtn" */;
			compatibilityVersion = "Xcode 9.3";
			developmentRegion = en;
			hasScannedForEncodings = 0;
			knownRegions = (
				en,
				Base,
			);
			mainGroup = 6855337920AC34FC0086206B;
			productRefGroup = 6855338320AC34FC0086206B /* Products */;
			projectDirPath = "";
			projectRoot = "";
			targets = (
				6855338120AC34FC0086206B /* SendCodeBtn */,
			);
		};
/* End PBXProject section */

/* Begin PBXResourcesBuildPhase section */
		6855338020AC34FC0086206B /* Resources */ = {
			isa = PBXResourcesBuildPhase;
			buildActionMask = 2147483647;
			files = (
				6855339020AC34FE0086206B /* LaunchScreen.storyboard in Resources */,
				6855338D20AC34FE0086206B /* Assets.xcassets in Resources */,
				6855338B20AC34FC0086206B /* Main.storyboard in Resources */,
			);
			runOnlyForDeploymentPostprocessing = 0;
		};
/* End PBXResourcesBuildPhase section */

/* Begin PBXSourcesBuildPhase section */
		6855337E20AC34FC0086206B /* Sources */ = {
			isa = PBXSourcesBuildPhase;
			buildActionMask = 2147483647;
			files = (
				6855338820AC34FC0086206B /* ViewController.swift in Sources */,
				6855338620AC34FC0086206B /* AppDelegate.swift in Sources */,
				6855339820AC357E0086206B /* SendCodeBtn.swift in Sources */,
			);
			runOnlyForDeploymentPostprocessing = 0;
		};
/* End PBXSourcesBuildPhase section */

/* Begin PBXVariantGroup section */
		6855338920AC34FC0086206B /* Main.storyboard */ = {
			isa = PBXVariantGroup;
			children = (
				6855338A20AC34FC0086206B /* Base */,
			);
			name = Main.storyboard;
			sourceTree = "<group>";
		};
		6855338E20AC34FE0086206B /* LaunchScreen.storyboard */ = {
			isa = PBXVariantGroup;
			children = (
				6855338F20AC34FE0086206B /* Base */,
			);
			name = LaunchScreen.storyboard;
			sourceTree = "<group>";
		};
/* End PBXVariantGroup section */

/* Begin XCBuildConfiguration section */
		6855339220AC34FE0086206B /* Debug */ = {
			isa = XCBuildConfiguration;
			buildSettings = {
				ALWAYS_SEARCH_USER_PATHS = NO;
				CLANG_ANALYZER_NONNULL = YES;
				CLANG_ANALYZER_NUMBER_OBJECT_CONVERSION = YES_AGGRESSIVE;
				CLANG_CXX_LANGUAGE_STANDARD = "gnu++14";
				CLANG_CXX_LIBRARY = "libc++";
				CLANG_ENABLE_MODULES = YES;
				CLANG_ENABLE_OBJC_ARC = YES;
				CLANG_ENABLE_OBJC_WEAK = YES;
				CLANG_WARN_BLOCK_CAPTURE_AUTORELEASING = YES;
				CLANG_WARN_BOOL_CONVERSION = YES;
				CLANG_WARN_COMMA = YES;
				CLANG_WARN_CONSTANT_CONVERSION = YES;
				CLANG_WARN_DEPRECATED_OBJC_IMPLEMENTATIONS = YES;
				CLANG_WARN_DIRECT_OBJC_ISA_USAGE = YES_ERROR;
				CLANG_WARN_DOCUMENTATION_COMMENTS = YES;
				CLANG_WARN_EMPTY_BODY = YES;
				CLANG_WARN_ENUM_CONVERSION = YES;
				CLANG_WARN_INFINITE_RECURSION = YES;
				CLANG_WARN_INT_CONVERSION = YES;
				CLANG_WARN_NON_LITERAL_NULL_CONVERSION = YES;
				CLANG_WARN_OBJC_IMPLICIT_RETAIN_SELF = YES;
				CLANG_WARN_OBJC_LITERAL_CONVERSION = YES;
				CLANG_WARN_OBJC_ROOT_CLASS = YES_ERROR;
				CLANG_WARN_RANGE_LOOP_ANALYSIS = YES;
				CLANG_WARN_STRICT_PROTOTYPES = YES;
				CLANG_WARN_SUSPICIOUS_MOVE = YES;
				CLANG_WARN_UNGUARDED_AVAILABILITY = YES_AGGRESSIVE;
				CLANG_WARN_UNREACHABLE_CODE = YES;
				CLANG_WARN__DUPLICATE_METHOD_MATCH = YES;
				CODE_SIGN_IDENTITY = "iPhone Developer";
				COPY_PHASE_STRIP = NO;
				DEBUG_INFORMATION_FORMAT = dwarf;
				ENABLE_STRICT_OBJC_MSGSEND = YES;
				ENABLE_TESTABILITY = YES;
				GCC_C_LANGUAGE_STANDARD = gnu11;
				GCC_DYNAMIC_NO_PIC = NO;
				GCC_NO_COMMON_BLOCKS = YES;
				GCC_OPTIMIZATION_LEVEL = 0;
				GCC_PREPROCESSOR_DEFINITIONS = (
					"DEBUG=1",
					"$(inherited)",
				);
				GCC_WARN_64_TO_32_BIT_CONVERSION = YES;
				GCC_WARN_ABOUT_RETURN_TYPE = YES_ERROR;
				GCC_WARN_UNDECLARED_SELECTOR = YES;
				GCC_WARN_UNINITIALIZED_AUTOS = YES_AGGRESSIVE;
				GCC_WARN_UNUSED_FUNCTION = YES;
				GCC_WARN_UNUSED_VARIABLE = YES;
				IPHONEOS_DEPLOYMENT_TARGET = 11.3;
				MTL_ENABLE_DEBUG_INFO = YES;
				ONLY_ACTIVE_ARCH = YES;
				SDKROOT = iphoneos;
				SWIFT_ACTIVE_COMPILATION_CONDITIONS = DEBUG;
				SWIFT_OPTIMIZATION_LEVEL = "-Onone";
			};
			name = Debug;
		};
		6855339320AC34FE0086206B /* Release */ = {
			isa = XCBuildConfiguration;
			buildSettings = {
				ALWAYS_SEARCH_USER_PATHS = NO;
				CLANG_ANALYZER_NONNULL = YES;
				CLANG_ANALYZER_NUMBER_OBJECT_CONVERSION = YES_AGGRESSIVE;
				CLANG_CXX_LANGUAGE_STANDARD = "gnu++14";
				CLANG_CXX_LIBRARY = "libc++";
				CLANG_ENABLE_MODULES = YES;
				CLANG_ENABLE_OBJC_ARC = YES;
				CLANG_ENABLE_OBJC_WEAK = YES;
				CLANG_WARN_BLOCK_CAPTURE_AUTORELEASING = YES;
				CLANG_WARN_BOOL_CONVERSION = YES;
				CLANG_WARN_COMMA = YES;
				CLANG_WARN_CONSTANT_CONVERSION = YES;
				CLANG_WARN_DEPRECATED_OBJC_IMPLEMENTATIONS = YES;
				CLANG_WARN_DIRECT_OBJC_ISA_USAGE = YES_ERROR;
				CLANG_WARN_DOCUMENTATION_COMMENTS = YES;
				CLANG_WARN_EMPTY_BODY = YES;
				CLANG_WARN_ENUM_CONVERSION = YES;
				CLANG_WARN_INFINITE_RECURSION = YES;
				CLANG_WARN_INT_CONVERSION = YES;
				CLANG_WARN_NON_LITERAL_NULL_CONVERSION = YES;
				CLANG_WARN_OBJC_IMPLICIT_RETAIN_SELF = YES;
				CLANG_WARN_OBJC_LITERAL_CONVERSION = YES;
				CLANG_WARN_OBJC_ROOT_CLASS = YES_ERROR;
				CLANG_WARN_RANGE_LOOP_ANALYSIS = YES;
				CLANG_WARN_STRICT_PROTOTYPES = YES;
				CLANG_WARN_SUSPICIOUS_MOVE = YES;
				CLANG_WARN_UNGUARDED_AVAILABILITY = YES_AGGRESSIVE;
				CLANG_WARN_UNREACHABLE_CODE = YES;
				CLANG_WARN__DUPLICATE_METHOD_MATCH = YES;
				CODE_SIGN_IDENTITY = "iPhone Developer";
				COPY_PHASE_STRIP = NO;
				DEBUG_INFORMATION_FORMAT = "dwarf-with-dsym";
				ENABLE_NS_ASSERTIONS = NO;
				ENABLE_STRICT_OBJC_MSGSEND = YES;
				GCC_C_LANGUAGE_STANDARD = gnu11;
				GCC_NO_COMMON_BLOCKS = YES;
				GCC_WARN_64_TO_32_BIT_CONVERSION = YES;
				GCC_WARN_ABOUT_RETURN_TYPE = YES_ERROR;
				GCC_WARN_UNDECLARED_SELECTOR = YES;
				GCC_WARN_UNINITIALIZED_AUTOS = YES_AGGRESSIVE;
				GCC_WARN_UNUSED_FUNCTION = YES;
				GCC_WARN_UNUSED_VARIABLE = YES;
				IPHONEOS_DEPLOYMENT_TARGET = 11.3;
				MTL_ENABLE_DEBUG_INFO = NO;
				SDKROOT = iphoneos;
				SWIFT_COMPILATION_MODE = wholemodule;
				SWIFT_OPTIMIZATION_LEVEL = "-O";
				VALIDATE_PRODUCT = YES;
			};
			name = Release;
		};
		6855339520AC34FE0086206B /* Debug */ = {
			isa = XCBuildConfiguration;
			buildSettings = {
				ASSETCATALOG_COMPILER_APPICON_NAME = AppIcon;
				CODE_SIGN_STYLE = Automatic;
				DEVELOPMENT_TEAM = RNXENPWK97;
				INFOPLIST_FILE = SendCodeBtn/Info.plist;
				LD_RUNPATH_SEARCH_PATHS = (
					"$(inherited)",
					"@executable_path/Frameworks",
				);
				PRODUCT_BUNDLE_IDENTIFIER = cn.risingtan.SendCodeBtn;
				PRODUCT_NAME = "$(TARGET_NAME)";
				SWIFT_VERSION = 4.0;
				TARGETED_DEVICE_FAMILY = "1,2";
			};
			name = Debug;
		};
		6855339620AC34FE0086206B /* Release */ = {
			isa = XCBuildConfiguration;
			buildSettings = {
				ASSETCATALOG_COMPILER_APPICON_NAME = AppIcon;
				CODE_SIGN_STYLE = Automatic;
				DEVELOPMENT_TEAM = RNXENPWK97;
				INFOPLIST_FILE = SendCodeBtn/Info.plist;
				LD_RUNPATH_SEARCH_PATHS = (
					"$(inherited)",
					"@executable_path/Frameworks",
				);
				PRODUCT_BUNDLE_IDENTIFIER = cn.risingtan.SendCodeBtn;
				PRODUCT_NAME = "$(TARGET_NAME)";
				SWIFT_VERSION = 4.0;
				TARGETED_DEVICE_FAMILY = "1,2";
			};
			name = Release;
		};
/* End XCBuildConfiguration section */

/* Begin XCConfigurationList section */
		6855337D20AC34FC0086206B /* Build configuration list for PBXProject "SendCodeBtn" */ = {
			isa = XCConfigurationList;
			buildConfigurations = (
				6855339220AC34FE0086206B /* Debug */,
				6855339320AC34FE0086206B /* Release */,
			);
			defaultConfigurationIsVisible = 0;
			defaultConfigurationName = Release;
		};
		6855339420AC34FE0086206B /* Build configuration list for PBXNativeTarget "SendCodeBtn" */ = {
			isa = XCConfigurationList;
			buildConfigurations = (
				6855339520AC34FE0086206B /* Debug */,
				6855339620AC34FE0086206B /* Release */,
			);
			defaultConfigurationIsVisible = 0;
			defaultConfigurationName = Release;
		};
/* End XCConfigurationList section */
	};
	rootObject = 6855337A20AC34FC0086206B /* Project object */;
}
